
Microsoft Visual Studio Solution File, Format Version 12.00
# Visual Studio Version 17
VisualStudioVersion = 17.3.32929.385
MinimumVisualStudioVersion = 10.0.40219.1
Project("{FAE04EC0-301F-11D3-BF4B-00C04F79EFBC}") = "SalesWebMvc", "SalesWebMvc\SalesWebMvc.csproj", "{3E0CED26-5546-47E6-80CB-2F2262611E32}"
EndProject
Global
	GlobalSection(SolutionConfigurationPlatforms) = preSolution
		Debug|Any CPU = Debug|Any CPU
		Release|Any CPU = Release|Any CPU
	EndGlobalSection
	GlobalSection(ProjectConfigurationPlatforms) = postSolution
		{3E0CED26-5546-47E6-80CB-2F2262611E32}.Debug|Any CPU.ActiveCfg = Debug|Any CPU
		{3E0CED26-5546-47E6-80CB-2F2262611E32}.Debug|Any CPU.Build.0 = Debug|Any CPU
		{3E0CED26-5546-47E6-80CB-2F2262611E32}.Release|Any CPU.ActiveCfg = Release|Any CPU
		{3E0CED26-5546-47E6-80CB-2F2262611E32}.Release|Any CPU.Build.0 = Release|Any CPU
	EndGlobalSection
	GlobalSection(SolutionProperties) = preSolution
		HideSolutionNode = FALSE
	EndGlobalSection
	GlobalSection(ExtensibilityGlobals) = postSolution
		SolutionGuid = {B866E85E-A182-4992-BE28-DBB848C17865}
	EndGlobalSection
EndGlobal
